
Microsoft Visual Studio Solution File, Format Version 12.00
# Visual Studio Version 17
VisualStudioVersion = 17.8.34408.163
MinimumVisualStudioVersion = 10.0.40219.1
Project("{8BC9CEB8-8B4A-11D0-8D11-00A0C91BC942}") = "NRM_Launcher", "NRM_Launcher\NRM_Launcher.vcxproj", "{C51616A9-AD0E-4D0E-906B-C3AB10939943}"
EndProject
Project("{8BC9CEB8-8B4A-11D0-8D11-00A0C91BC942}") = "download", "download\download.vcxproj", "{1238CF87-E716-4059-B14C-233E4F4BD741}"
EndProject
Global
	GlobalSection(SolutionConfigurationPlatforms) = preSolution
		Debug|x64 = Debug|x64
		Debug|x86 = Debug|x86
		Release|x64 = Release|x64
		Release|x86 = Release|x86
	EndGlobalSection
	GlobalSection(ProjectConfigurationPlatforms) = postSolution
		{C51616A9-AD0E-4D0E-906B-C3AB10939943}.Debug|x64.ActiveCfg = Debug|x64
		{C51616A9-AD0E-4D0E-906B-C3AB10939943}.Debug|x64.Build.0 = Debug|x64
		{C51616A9-AD0E-4D0E-906B-C3AB10939943}.Debug|x86.ActiveCfg = Debug|Win32
		{C51616A9-AD0E-4D0E-906B-C3AB10939943}.Debug|x86.Build.0 = Debug|Win32
		{C51616A9-AD0E-4D0E-906B-C3AB10939943}.Release|x64.ActiveCfg = Release|x64
		{C51616A9-AD0E-4D0E-906B-C3AB10939943}.Release|x64.Build.0 = Release|x64
		{C51616A9-AD0E-4D0E-906B-C3AB10939943}.Release|x86.ActiveCfg = Release|Win32
		{C51616A9-AD0E-4D0E-906B-C3AB10939943}.Release|x86.Build.0 = Release|Win32
		{1238CF87-E716-4059-B14C-233E4F4BD741}.Debug|x64.ActiveCfg = Debug|x64
		{1238CF87-E716-4059-B14C-233E4F4BD741}.Debug|x64.Build.0 = Debug|x64
		{1238CF87-E716-4059-B14C-233E4F4BD741}.Debug|x86.ActiveCfg = Debug|Win32
		{1238CF87-E716-4059-B14C-233E4F4BD741}.Debug|x86.Build.0 = Debug|Win32
		{1238CF87-E716-4059-B14C-233E4F4BD741}.Release|x64.ActiveCfg = Release|x64
		{1238CF87-E716-4059-B14C-233E4F4BD741}.Release|x64.Build.0 = Release|x64
		{1238CF87-E716-4059-B14C-233E4F4BD741}.Release|x86.ActiveCfg = Release|Win32
		{1238CF87-E716-4059-B14C-233E4F4BD741}.Release|x86.Build.0 = Release|Win32
	EndGlobalSection
	GlobalSection(SolutionProperties) = preSolution
		HideSolutionNode = FALSE
	EndGlobalSection
	GlobalSection(ExtensibilityGlobals) = postSolution
		SolutionGuid = {D9F2E10C-D6AC-4199-BE85-3809FF4EFCAA}
	EndGlobalSection
EndGlobal
