<?xml version="1.0" encoding="utf-8"?>
<Project ToolsVersion="4.0" xmlns="http://schemas.microsoft.com/developer/msbuild/2003">
  <ItemGroup>
    <Filter Include="Source Files">
      <UniqueIdentifier>{4FC737F1-C7A5-4376-A066-2A32D752A2FF}</UniqueIdentifier>
      <Extensions>cpp;c;cc;cxx;c++;cppm;ixx;def;odl;idl;hpj;bat;asm;asmx</Extensions>
    </Filter>
    <Filter Include="Header Files">
      <UniqueIdentifier>{93995380-89BD-4b04-88EB-625FBE52EBFB}</UniqueIdentifier>
      <Extensions>h;hh;hpp;hxx;h++;hm;inl;inc;ipp;xsd</Extensions>
    </Filter>
    <Filter Include="Resource Files">
      <UniqueIdentifier>{67DA6AB6-F800-4c08-8B7A-83BB121AAD01}</UniqueIdentifier>
      <Extensions>rc;ico;cur;bmp;dlg;rc2;rct;bin;rgs;gif;jpg;jpeg;jpe;resx;tiff;tif;png;wav;mfcribbon-ms</Extensions>
    </Filter>
    <Filter Include="Source Files\utils">
      <UniqueIdentifier>{2b255137-4cb8-42cb-8d3b-27f1f4de7557}</UniqueIdentifier>
    </Filter>
    <Filter Include="Source Files\main_window">
      <UniqueIdentifier>{f7ba8195-cb14-479f-9b4c-15ff6769c05d}</UniqueIdentifier>
    </Filter>
    <Filter Include="Source Files\wrap">
      <UniqueIdentifier>{d7e4d22d-a091-4e2c-82c8-1e672796c5b8}</UniqueIdentifier>
    </Filter>
    <Filter Include="Source Files\actions">
      <UniqueIdentifier>{a126f9f6-2d3a-4105-9186-dd811f1675c9}</UniqueIdentifier>
    </Filter>
    <Filter Include="Source Files\submods_modal">
      <UniqueIdentifier>{6ef22cb4-1249-42e8-88ca-e7b4c66e75d8}</UniqueIdentifier>
    </Filter>
    <Filter Include="Source Files\submods_modal\buttons">
      <UniqueIdentifier>{23957450-129c-40bb-9ab0-ae40e52a7baf}</UniqueIdentifier>
    </Filter>
    <Filter Include="Source Files\submods_modal\submods_parser">
      <UniqueIdentifier>{53f979b8-31c4-4393-adfd-4267ac22895c}</UniqueIdentifier>
    </Filter>
    <Filter Include="Source Files\settings_modal">
      <UniqueIdentifier>{0eb599dc-665c-4f09-82df-de2521d698b3}</UniqueIdentifier>
    </Filter>
    <Filter Include="Source Files\settings_modal\buttons_group">
      <UniqueIdentifier>{18dc19fd-4bd4-4005-8207-6ce0160dd666}</UniqueIdentifier>
    </Filter>
    <Filter Include="Header Files\constants">
      <UniqueIdentifier>{80fbba71-fcd5-4e3b-ae6d-feb93219f14e}</UniqueIdentifier>
    </Filter>
    <Filter Include="Source Files\main_window\buttons">
      <UniqueIdentifier>{741d1a3e-25d2-482a-83f4-885f933a162f}</UniqueIdentifier>
    </Filter>
    <Filter Include="Source Files\utils\settings_parser">
      <UniqueIdentifier>{fede9358-c5b5-49e9-abcb-99711bb827a1}</UniqueIdentifier>
    </Filter>
    <Filter Include="Source Files\utils\bitmap_handler">
      <UniqueIdentifier>{0b421fa2-5fb9-4550-91b8-2f29a75cc4ea}</UniqueIdentifier>
    </Filter>
    <Filter Include="Source Files\utils\get_file_path">
      <UniqueIdentifier>{3d48dee5-0e16-4097-9942-e34a09a13c1c}</UniqueIdentifier>
    </Filter>
    <Filter Include="Source Files\submods_modal\submods_utils">
      <UniqueIdentifier>{2ab03eaa-2830-488f-8274-eefb2cc83413}</UniqueIdentifier>
    </Filter>
    <Filter Include="Source Files\download_modal">
      <UniqueIdentifier>{77dc5713-b9b8-4866-b9cd-80a4bef2f170}</UniqueIdentifier>
    </Filter>
    <Filter Include="Source Files\download_modal\buttons">
      <UniqueIdentifier>{6648c6d7-7df0-4b50-98c3-b6fb494473a4}</UniqueIdentifier>
    </Filter>
  </ItemGroup>
  <ItemGroup>
    <ClCompile Include="win_main.cpp">
      <Filter>Source Files</Filter>
    </ClCompile>
    <ClCompile Include="button.cpp">
      <Filter>Source Files\main_window\buttons</Filter>
    </ClCompile>
    <ClCompile Include="main_window.cpp">
      <Filter>Source Files\main_window</Filter>
    </ClCompile>
    <ClCompile Include="main_wrap.cpp">
      <Filter>Source Files\wrap</Filter>
    </ClCompile>
    <ClCompile Include="mainWndProc.cpp">
      <Filter>Source Files\main_window</Filter>
    </ClCompile>
    <ClCompile Include="draw_btn_bkg.cpp">
      <Filter>Source Files\main_window\buttons</Filter>
    </ClCompile>
    <ClCompile Include="btnWndProc.cpp">
      <Filter>Source Files\main_window\buttons</Filter>
    </ClCompile>
    <ClCompile Include="create_buttons.cpp">
      <Filter>Source Files\main_window\buttons</Filter>
    </ClCompile>
    <ClCompile Include="settings_parser.cpp">
      <Filter>Source Files\utils\settings_parser</Filter>
    </ClCompile>
    <ClCompile Include="create_process.cpp">
      <Filter>Source Files\actions</Filter>
    </ClCompile>
    <ClCompile Include="clear_cache.cpp">
      <Filter>Source Files\actions</Filter>
    </ClCompile>
    <ClCompile Include="submods_modal.cpp">
      <Filter>Source Files\submods_modal</Filter>
    </ClCompile>
    <ClCompile Include="submodsWndProc.cpp">
      <Filter>Source Files\submods_modal</Filter>
    </ClCompile>
    <ClCompile Include="submods_buttons.cpp">
      <Filter>Source Files\submods_modal\buttons</Filter>
    </ClCompile>
    <ClCompile Include="submods_modal_create_buttons.cpp">
      <Filter>Source Files\submods_modal\buttons</Filter>
    </ClCompile>
    <ClCompile Include="submodsBtnWndProc.cpp">
      <Filter>Source Files\submods_modal\buttons</Filter>
    </ClCompile>
    <ClCompile Include="draw_submods_btn_background.cpp">
      <Filter>Source Files\submods_modal\buttons</Filter>
    </ClCompile>
    <ClCompile Include="parse_submods.cpp">
      <Filter>Source Files\submods_modal\submods_parser</Filter>
    </ClCompile>
    <ClCompile Include="settings_modal.cpp">
      <Filter>Source Files\settings_modal</Filter>
    </ClCompile>
    <ClCompile Include="settings_buttons_group.cpp">
      <Filter>Source Files\settings_modal\buttons_group</Filter>
    </ClCompile>
    <ClCompile Include="settingsStaticBtnWndProc.cpp">
      <Filter>Source Files\settings_modal\buttons_group</Filter>
    </ClCompile>
    <ClCompile Include="settingsRadioBtnWndProc.cpp">
      <Filter>Source Files\settings_modal\buttons_group</Filter>
    </ClCompile>
    <ClCompile Include="settingsWndProc.cpp">
      <Filter>Source Files\settings_modal</Filter>
    </ClCompile>
    <ClCompile Include="settings_create_buttons_groups.cpp">
      <Filter>Source Files\settings_modal\buttons_group</Filter>
    </ClCompile>
    <ClCompile Include="draw_settings_buttons_background.cpp">
      <Filter>Source Files\settings_modal\buttons_group</Filter>
    </ClCompile>
    <ClCompile Include="bitmap.cpp">
      <Filter>Source Files\utils\bitmap_handler</Filter>
    </ClCompile>
    <ClCompile Include="get_file_path.cpp">
      <Filter>Source Files\utils\get_file_path</Filter>
    </ClCompile>
    <ClCompile Include="submods_uitls.cpp">
      <Filter>Source Files\submods_modal\submods_utils</Filter>
    </ClCompile>
    <ClCompile Include="download_modal.cpp">
      <Filter>Source Files\download_modal</Filter>
    </ClCompile>
    <ClCompile Include="downloadWndProc.cpp">
      <Filter>Source Files\download_modal</Filter>
    </ClCompile>
    <ClCompile Include="download_buttons.cpp">
      <Filter>Source Files\download_modal\buttons</Filter>
    </ClCompile>
    <ClCompile Include="downloadBtnWndProc.cpp">
      <Filter>Source Files\download_modal\buttons</Filter>
    </ClCompile>
    <ClCompile Include="draw_download_btn_background.cpp">
      <Filter>Source Files\download_modal\buttons</Filter>
    </ClCompile>
    <ClCompile Include="create_download_buttons.cpp">
      <Filter>Source Files\download_modal\buttons</Filter>
    </ClCompile>
  </ItemGroup>
  <ItemGroup>
    <ClInclude Include="stdlibs.h">
      <Filter>Header Files</Filter>
    </ClInclude>
    <ClInclude Include="resource.h">
      <Filter>Header Files</Filter>
    </ClInclude>
    <ClInclude Include="clear_cache.h">
      <Filter>Source Files\actions</Filter>
    </ClInclude>
    <ClInclude Include="create_process.h">
      <Filter>Source Files\actions</Filter>
    </ClInclude>
    <ClInclude Include="button.h">
      <Filter>Source Files\main_window\buttons</Filter>
    </ClInclude>
    <ClInclude Include="main_window.h">
      <Filter>Source Files\main_window</Filter>
    </ClInclude>
    <ClInclude Include="settings_modal.h">
      <Filter>Source Files\settings_modal</Filter>
    </ClInclude>
    <ClInclude Include="settings_buttons_group.h">
      <Filter>Source Files\settings_modal\buttons_group</Filter>
    </ClInclude>
    <ClInclude Include="settings_parser.h">
      <Filter>Source Files\utils\settings_parser</Filter>
    </ClInclude>
    <ClInclude Include="submods_buttons.h">
      <Filter>Source Files\submods_modal\buttons</Filter>
    </ClInclude>
    <ClInclude Include="parse_submods.h">
      <Filter>Source Files\submods_modal\submods_parser</Filter>
    </ClInclude>
    <ClInclude Include="submods_modal.h">
      <Filter>Source Files\submods_modal</Filter>
    </ClInclude>
    <ClInclude Include="const.h">
      <Filter>Header Files\constants</Filter>
    </ClInclude>
    <ClInclude Include="bitmap.h">
      <Filter>Source Files\utils\bitmap_handler</Filter>
    </ClInclude>
    <ClInclude Include="get_file_path.h">
      <Filter>Source Files\utils\get_file_path</Filter>
    </ClInclude>
    <ClInclude Include="submods_utils.h">
      <Filter>Source Files\submods_modal\submods_utils</Filter>
    </ClInclude>
    <ClInclude Include="download_modal.h">
      <Filter>Source Files\download_modal</Filter>
    </ClInclude>
    <ClInclude Include="download_buttons.h">
      <Filter>Source Files\download_modal\buttons</Filter>
    </ClInclude>
  </ItemGroup>
  <ItemGroup>
    <ResourceCompile Include="Resource.rc">
      <Filter>Resource Files</Filter>
    </ResourceCompile>
  </ItemGroup>
  <ItemGroup>
    <Image Include="..\..\NRM-Launcher\NrmLauncher\NRM.ico">
      <Filter>Resource Files</Filter>
    </Image>
    <Image Include="resources\NRM.ico">
      <Filter>Resource Files</Filter>
    </Image>
  </ItemGroup>
  <ItemGroup>
    <None Include="..\..\..\Games\Victoria 2 NRM v1.30.1\game\gfx\cursors\normal.cur">
      <Filter>Resource Files</Filter>
    </None>
    <None Include="..\..\..\Games\Victoria 2 NRM v1.30.1\game\gfx\cursors\selected.cur">
      <Filter>Resource Files</Filter>
    </None>
    <None Include="resources\normal.cur">
      <Filter>Resource Files</Filter>
    </None>
    <None Include="resources\selected.cur">
      <Filter>Resource Files</Filter>
    </None>
    <None Include="..\..\..\Games\Victoria 2 NRM v1.30.1\game\gfx\cursors\exploration.CUR">
      <Filter>Resource Files</Filter>
    </None>
  </ItemGroup>
</Project>